
Microsoft Visual Studio Solution File, Format Version 12.00
# Visual Studio Version 17
VisualStudioVersion = 17.4.33213.308
MinimumVisualStudioVersion = 10.0.40219.1
Project("{FAE04EC0-301F-11D3-BF4B-00C04F79EFBC}") = "wpf-task1", "wpf-task1\wpf-task1.csproj", "{29A5E60A-D175-4504-84BC-E89F6F9E1E4C}"
EndProject
Global
	GlobalSection(SolutionConfigurationPlatforms) = preSolution
		Debug|Any CPU = Debug|Any CPU
		Release|Any CPU = Release|Any CPU
	EndGlobalSection
	GlobalSection(ProjectConfigurationPlatforms) = postSolution
		{29A5E60A-D175-4504-84BC-E89F6F9E1E4C}.Debug|Any CPU.ActiveCfg = Debug|Any CPU
		{29A5E60A-D175-4504-84BC-E89F6F9E1E4C}.Debug|Any CPU.Build.0 = Debug|Any CPU
		{29A5E60A-D175-4504-84BC-E89F6F9E1E4C}.Release|Any CPU.ActiveCfg = Release|Any CPU
		{29A5E60A-D175-4504-84BC-E89F6F9E1E4C}.Release|Any CPU.Build.0 = Release|Any CPU
	EndGlobalSection
	GlobalSection(SolutionProperties) = preSolution
		HideSolutionNode = FALSE
	EndGlobalSection
	GlobalSection(ExtensibilityGlobals) = postSolution
		SolutionGuid = {CAD70DF4-0F5C-4B97-AD61-43C89EB62D65}
	EndGlobalSection
EndGlobal
